
Microsoft Visual Studio Solution File, Format Version 12.00
# Visual Studio 14
VisualStudioVersion = 14.0.25123.0
MinimumVisualStudioVersion = 10.0.40219.1
Project("{FAE04EC0-301F-11D3-BF4B-00C04F79EFBC}") = "Records2", "Records2\Records2.csproj", "{FC6E8CF7-6700-49F5-A4F0-90586D3C5F19}"
EndProject
Global
	GlobalSection(SolutionConfigurationPlatforms) = preSolution
		Debug|Any CPU = Debug|Any CPU
		Release|Any CPU = Release|Any CPU
	EndGlobalSection
	GlobalSection(ProjectConfigurationPlatforms) = postSolution
		{FC6E8CF7-6700-49F5-A4F0-90586D3C5F19}.Debug|Any CPU.ActiveCfg = Debug|Any CPU
		{FC6E8CF7-6700-49F5-A4F0-90586D3C5F19}.Debug|Any CPU.Build.0 = Debug|Any CPU
		{FC6E8CF7-6700-49F5-A4F0-90586D3C5F19}.Release|Any CPU.ActiveCfg = Release|Any CPU
		{FC6E8CF7-6700-49F5-A4F0-90586D3C5F19}.Release|Any CPU.Build.0 = Release|Any CPU
	EndGlobalSection
	GlobalSection(SolutionProperties) = preSolution
		HideSolutionNode = FALSE
	EndGlobalSection
EndGlobal
